<?xml version="1.0" encoding="utf-8"?>
<Project ToolsVersion="4.0" xmlns="http://schemas.microsoft.com/developer/msbuild/2003">
  <ItemGroup>
    <Filter Include="Includes">
      <UniqueIdentifier>{7bbd6e5e-dfe6-4d0b-a391-9f6219859627}</UniqueIdentifier>
    </Filter>
  </ItemGroup>
  <ItemGroup>
    <ClInclude Include="$(MSBuildThisFileDirectory)includes\ulua.hpp">
      <Filter>Includes</Filter>
    </ClInclude>
  </ItemGroup>
</Project>